// !$*UTF8*$!
{
	archiveVersion = 1;
	classes = {
	};
	objectVersion = 46;
	objects = {

/* Begin PBXBuildFile section */
		214AD88D1906D2CC00CF8443 /* NSUserDefaults+SAMAdditions.m in Sources */ = {isa = PBXBuildFile; fileRef = 214AD88C1906D2CC00CF8443 /* NSUserDefaults+SAMAdditions.m */; };
		216320DE1861DAF7009EC93B /* NSArray+SAMAdditions.m in Sources */ = {isa = PBXBuildFile; fileRef = 216320BF1861DAF7009EC93B /* NSArray+SAMAdditions.m */; };
		216320DF1861DAF7009EC93B /* NSData+SAMAdditions.m in Sources */ = {isa = PBXBuildFile; fileRef = 216320C11861DAF7009EC93B /* NSData+SAMAdditions.m */; };
		216320E01861DAF7009EC93B /* NSDate+SAMAdditions.m in Sources */ = {isa = PBXBuildFile; fileRef = 216320C31861DAF7009EC93B /* NSDate+SAMAdditions.m */; };
		216320E11861DAF7009EC93B /* NSDictionary+SAMAdditions.m in Sources */ = {isa = PBXBuildFile; fileRef = 216320C51861DAF7009EC93B /* NSDictionary+SAMAdditions.m */; };
		216320E21861DAF7009EC93B /* NSNumber+SAMAdditions.m in Sources */ = {isa = PBXBuildFile; fileRef = 216320C71861DAF7009EC93B /* NSNumber+SAMAdditions.m */; };
		216320E31861DAF7009EC93B /* NSObject+SAMAdditions.m in Sources */ = {isa = PBXBuildFile; fileRef = 216320C91861DAF7009EC93B /* NSObject+SAMAdditions.m */; };
		216320E41861DAF7009EC93B /* NSString+SAMAdditions.m in Sources */ = {isa = PBXBuildFile; fileRef = 216320CB1861DAF7009EC93B /* NSString+SAMAdditions.m */; };
		216320E51861DAF7009EC93B /* NSURL+SAMAdditions.m in Sources */ = {isa = PBXBuildFile; fileRef = 216320CD1861DAF7009EC93B /* NSURL+SAMAdditions.m */; };
		216320E61861DAF7009EC93B /* UIApplication+SAMAdditions.m in Sources */ = {isa = PBXBuildFile; fileRef = 216320CF1861DAF7009EC93B /* UIApplication+SAMAdditions.m */; };
		216320E71861DAF7009EC93B /* UIColor+SAMAdditions.m in Sources */ = {isa = PBXBuildFile; fileRef = 216320D11861DAF7009EC93B /* UIColor+SAMAdditions.m */; };
		216320E81861DAF7009EC93B /* UIControl+SAMAdditions.m in Sources */ = {isa = PBXBuildFile; fileRef = 216320D31861DAF7009EC93B /* UIControl+SAMAdditions.m */; };
		216320E91861DAF7009EC93B /* UIDevice+SAMAdditions.m in Sources */ = {isa = PBXBuildFile; fileRef = 216320D51861DAF7009EC93B /* UIDevice+SAMAdditions.m */; };
		216320EA1861DAF7009EC93B /* UIScreen+SAMAdditions.m in Sources */ = {isa = PBXBuildFile; fileRef = 216320D71861DAF7009EC93B /* UIScreen+SAMAdditions.m */; };
		216320EB1861DAF7009EC93B /* UIScrollView+SAMAdditions.m in Sources */ = {isa = PBXBuildFile; fileRef = 216320D91861DAF7009EC93B /* UIScrollView+SAMAdditions.m */; };
		216320EC1861DAF7009EC93B /* UIView+SAMAdditions.m in Sources */ = {isa = PBXBuildFile; fileRef = 216320DB1861DAF7009EC93B /* UIView+SAMAdditions.m */; };
		216320ED1861DAF7009EC93B /* UIViewController+SAMAdditions.m in Sources */ = {isa = PBXBuildFile; fileRef = 216320DD1861DAF7009EC93B /* UIViewController+SAMAdditions.m */; };
		217B92E717D93E77008BEAE8 /* Foundation.framework in Frameworks */ = {isa = PBXBuildFile; fileRef = 217B92E617D93E77008BEAE8 /* Foundation.framework */; };
		217B92E917D93E77008BEAE8 /* CoreGraphics.framework in Frameworks */ = {isa = PBXBuildFile; fileRef = 217B92E817D93E77008BEAE8 /* CoreGraphics.framework */; };
		217B92EB17D93E77008BEAE8 /* UIKit.framework in Frameworks */ = {isa = PBXBuildFile; fileRef = 217B92EA17D93E77008BEAE8 /* UIKit.framework */; };
		217B930017D93E77008BEAE8 /* XCTest.framework in Frameworks */ = {isa = PBXBuildFile; fileRef = 217B92FF17D93E77008BEAE8 /* XCTest.framework */; };
		217B930117D93E77008BEAE8 /* Foundation.framework in Frameworks */ = {isa = PBXBuildFile; fileRef = 217B92E617D93E77008BEAE8 /* Foundation.framework */; };
		217B930217D93E77008BEAE8 /* UIKit.framework in Frameworks */ = {isa = PBXBuildFile; fileRef = 217B92EA17D93E77008BEAE8 /* UIKit.framework */; };
		217B934A17D93EB3008BEAE8 /* SAMCategories.bundle in Resources */ = {isa = PBXBuildFile; fileRef = 217B932717D93EB3008BEAE8 /* SAMCategories.bundle */; };
		217B934B17D93EB3008BEAE8 /* SAMCategories.bundle in Resources */ = {isa = PBXBuildFile; fileRef = 217B932717D93EB3008BEAE8 /* SAMCategories.bundle */; };
		217B936617D93EB9008BEAE8 /* SAMAppDelegate.m in Sources */ = {isa = PBXBuildFile; fileRef = 217B935F17D93EB9008BEAE8 /* SAMAppDelegate.m */; };
		217B936717D93EB9008BEAE8 /* main.m in Sources */ = {isa = PBXBuildFile; fileRef = 217B936117D93EB9008BEAE8 /* main.m */; };
		217B936817D93EB9008BEAE8 /* Default-568h@2x.png in Resources */ = {isa = PBXBuildFile; fileRef = 217B936417D93EB9008BEAE8 /* Default-568h@2x.png */; };
		217B937917D93EBD008BEAE8 /* SAMArrayCategoryTest.m in Sources */ = {isa = PBXBuildFile; fileRef = 217B936C17D93EBD008BEAE8 /* SAMArrayCategoryTest.m */; };
		217B938B17D93FFF008BEAE8 /* SAMDataCategoryTest.m in Sources */ = {isa = PBXBuildFile; fileRef = 217B938517D93FFF008BEAE8 /* SAMDataCategoryTest.m */; };
		217B938C17D93FFF008BEAE8 /* SAMDateCategoryTest.m in Sources */ = {isa = PBXBuildFile; fileRef = 217B938617D93FFF008BEAE8 /* SAMDateCategoryTest.m */; };
		217B938D17D93FFF008BEAE8 /* SAMDictionaryCategoryTest.m in Sources */ = {isa = PBXBuildFile; fileRef = 217B938717D93FFF008BEAE8 /* SAMDictionaryCategoryTest.m */; };
		217B938E17D93FFF008BEAE8 /* SAMObjectCategoryTest.m in Sources */ = {isa = PBXBuildFile; fileRef = 217B938817D93FFF008BEAE8 /* SAMObjectCategoryTest.m */; };
		217B938F17D93FFF008BEAE8 /* SAMStringCategoryTest.m in Sources */ = {isa = PBXBuildFile; fileRef = 217B938917D93FFF008BEAE8 /* SAMStringCategoryTest.m */; };
		217B939017D93FFF008BEAE8 /* SAMURLCategoryTest.m in Sources */ = {isa = PBXBuildFile; fileRef = 217B938A17D93FFF008BEAE8 /* SAMURLCategoryTest.m */; };
		217B939517D94310008BEAE8 /* SAMColorCategoryTest.m in Sources */ = {isa = PBXBuildFile; fileRef = 217B939217D94310008BEAE8 /* SAMColorCategoryTest.m */; };
		217B939617D94310008BEAE8 /* SAMControlCategoryTest.m in Sources */ = {isa = PBXBuildFile; fileRef = 217B939317D94310008BEAE8 /* SAMControlCategoryTest.m */; };
		217B939717D94310008BEAE8 /* SAMViewCategoryTest.m in Sources */ = {isa = PBXBuildFile; fileRef = 217B939417D94310008BEAE8 /* SAMViewCategoryTest.m */; };
/* End PBXBuildFile section */

/* Begin PBXContainerItemProxy section */
		217B930317D93E77008BEAE8 /* PBXContainerItemProxy */ = {
			isa = PBXContainerItemProxy;
			containerPortal = 217B92DB17D93E77008BEAE8 /* Project object */;
			proxyType = 1;
			remoteGlobalIDString = 217B92E217D93E77008BEAE8;
			remoteInfo = SAMCategories;
		};
/* End PBXContainerItemProxy section */

/* Begin PBXFileReference section */
		214AD88B1906D2CC00CF8443 /* NSUserDefaults+SAMAdditions.h */ = {isa = PBXFileReference; fileEncoding = 4; lastKnownFileType = sourcecode.c.h; path = "NSUserDefaults+SAMAdditions.h"; sourceTree = "<group>"; };
		214AD88C1906D2CC00CF8443 /* NSUserDefaults+SAMAdditions.m */ = {isa = PBXFileReference; fileEncoding = 4; lastKnownFileType = sourcecode.c.objc; path = "NSUserDefaults+SAMAdditions.m"; sourceTree = "<group>"; };
		216320BE1861DAF7009EC93B /* NSArray+SAMAdditions.h */ = {isa = PBXFileReference; fileEncoding = 4; lastKnownFileType = sourcecode.c.h; path = "NSArray+SAMAdditions.h"; sourceTree = "<group>"; };
		216320BF1861DAF7009EC93B /* NSArray+SAMAdditions.m */ = {isa = PBXFileReference; fileEncoding = 4; lastKnownFileType = sourcecode.c.objc; path = "NSArray+SAMAdditions.m"; sourceTree = "<group>"; };
		216320C01861DAF7009EC93B /* NSData+SAMAdditions.h */ = {isa = PBXFileReference; fileEncoding = 4; lastKnownFileType = sourcecode.c.h; path = "NSData+SAMAdditions.h"; sourceTree = "<group>"; };
		216320C11861DAF7009EC93B /* NSData+SAMAdditions.m */ = {isa = PBXFileReference; fileEncoding = 4; lastKnownFileType = sourcecode.c.objc; path = "NSData+SAMAdditions.m"; sourceTree = "<group>"; };
		216320C21861DAF7009EC93B /* NSDate+SAMAdditions.h */ = {isa = PBXFileReference; fileEncoding = 4; lastKnownFileType = sourcecode.c.h; path = "NSDate+SAMAdditions.h"; sourceTree = "<group>"; };
		216320C31861DAF7009EC93B /* NSDate+SAMAdditions.m */ = {isa = PBXFileReference; fileEncoding = 4; lastKnownFileType = sourcecode.c.objc; path = "NSDate+SAMAdditions.m"; sourceTree = "<group>"; };
		216320C41861DAF7009EC93B /* NSDictionary+SAMAdditions.h */ = {isa = PBXFileReference; fileEncoding = 4; lastKnownFileType = sourcecode.c.h; path = "NSDictionary+SAMAdditions.h"; sourceTree = "<group>"; };
		216320C51861DAF7009EC93B /* NSDictionary+SAMAdditions.m */ = {isa = PBXFileReference; fileEncoding = 4; lastKnownFileType = sourcecode.c.objc; path = "NSDictionary+SAMAdditions.m"; sourceTree = "<group>"; };
		216320C61861DAF7009EC93B /* NSNumber+SAMAdditions.h */ = {isa = PBXFileReference; fileEncoding = 4; lastKnownFileType = sourcecode.c.h; path = "NSNumber+SAMAdditions.h"; sourceTree = "<group>"; };
		216320C71861DAF7009EC93B /* NSNumber+SAMAdditions.m */ = {isa = PBXFileReference; fileEncoding = 4; lastKnownFileType = sourcecode.c.objc; path = "NSNumber+SAMAdditions.m"; sourceTree = "<group>"; };
		216320C81861DAF7009EC93B /* NSObject+SAMAdditions.h */ = {isa = PBXFileReference; fileEncoding = 4; lastKnownFileType = sourcecode.c.h; path = "NSObject+SAMAdditions.h"; sourceTree = "<group>"; };
		216320C91861DAF7009EC93B /* NSObject+SAMAdditions.m */ = {isa = PBXFileReference; fileEncoding = 4; lastKnownFileType = sourcecode.c.objc; path = "NSObject+SAMAdditions.m"; sourceTree = "<group>"; };
		216320CA1861DAF7009EC93B /* NSString+SAMAdditions.h */ = {isa = PBXFileReference; fileEncoding = 4; lastKnownFileType = sourcecode.c.h; path = "NSString+SAMAdditions.h"; sourceTree = "<group>"; };
		216320CB1861DAF7009EC93B /* NSString+SAMAdditions.m */ = {isa = PBXFileReference; fileEncoding = 4; lastKnownFileType = sourcecode.c.objc; path = "NSString+SAMAdditions.m"; sourceTree = "<group>"; };
		216320CC1861DAF7009EC93B /* NSURL+SAMAdditions.h */ = {isa = PBXFileReference; fileEncoding = 4; lastKnownFileType = sourcecode.c.h; path = "NSURL+SAMAdditions.h"; sourceTree = "<group>"; };
		216320CD1861DAF7009EC93B /* NSURL+SAMAdditions.m */ = {isa = PBXFileReference; fileEncoding = 4; lastKnownFileType = sourcecode.c.objc; path = "NSURL+SAMAdditions.m"; sourceTree = "<group>"; };
		216320CE1861DAF7009EC93B /* UIApplication+SAMAdditions.h */ = {isa = PBXFileReference; fileEncoding = 4; lastKnownFileType = sourcecode.c.h; path = "UIApplication+SAMAdditions.h"; sourceTree = "<group>"; };
		216320CF1861DAF7009EC93B /* UIApplication+SAMAdditions.m */ = {isa = PBXFileReference; fileEncoding = 4; lastKnownFileType = sourcecode.c.objc; path = "UIApplication+SAMAdditions.m"; sourceTree = "<group>"; };
		216320D01861DAF7009EC93B /* UIColor+SAMAdditions.h */ = {isa = PBXFileReference; fileEncoding = 4; lastKnownFileType = sourcecode.c.h; path = "UIColor+SAMAdditions.h"; sourceTree = "<group>"; };
		216320D11861DAF7009EC93B /* UIColor+SAMAdditions.m */ = {isa = PBXFileReference; fileEncoding = 4; lastKnownFileType = sourcecode.c.objc; path = "UIColor+SAMAdditions.m"; sourceTree = "<group>"; };
		216320D21861DAF7009EC93B /* UIControl+SAMAdditions.h */ = {isa = PBXFileReference; fileEncoding = 4; lastKnownFileType = sourcecode.c.h; path = "UIControl+SAMAdditions.h"; sourceTree = "<group>"; };
		216320D31861DAF7009EC93B /* UIControl+SAMAdditions.m */ = {isa = PBXFileReference; fileEncoding = 4; lastKnownFileType = sourcecode.c.objc; path = "UIControl+SAMAdditions.m"; sourceTree = "<group>"; };
		216320D41861DAF7009EC93B /* UIDevice+SAMAdditions.h */ = {isa = PBXFileReference; fileEncoding = 4; lastKnownFileType = sourcecode.c.h; path = "UIDevice+SAMAdditions.h"; sourceTree = "<group>"; };
		216320D51861DAF7009EC93B /* UIDevice+SAMAdditions.m */ = {isa = PBXFileReference; fileEncoding = 4; lastKnownFileType = sourcecode.c.objc; path = "UIDevice+SAMAdditions.m"; sourceTree = "<group>"; };
		216320D61861DAF7009EC93B /* UIScreen+SAMAdditions.h */ = {isa = PBXFileReference; fileEncoding = 4; lastKnownFileType = sourcecode.c.h; path = "UIScreen+SAMAdditions.h"; sourceTree = "<group>"; };
		216320D71861DAF7009EC93B /* UIScreen+SAMAdditions.m */ = {isa = PBXFileReference; fileEncoding = 4; lastKnownFileType = sourcecode.c.objc; path = "UIScreen+SAMAdditions.m"; sourceTree = "<group>"; };
		216320D81861DAF7009EC93B /* UIScrollView+SAMAdditions.h */ = {isa = PBXFileReference; fileEncoding = 4; lastKnownFileType = sourcecode.c.h; path = "UIScrollView+SAMAdditions.h"; sourceTree = "<group>"; };
		216320D91861DAF7009EC93B /* UIScrollView+SAMAdditions.m */ = {isa = PBXFileReference; fileEncoding = 4; lastKnownFileType = sourcecode.c.objc; path = "UIScrollView+SAMAdditions.m"; sourceTree = "<group>"; };
		216320DA1861DAF7009EC93B /* UIView+SAMAdditions.h */ = {isa = PBXFileReference; fileEncoding = 4; lastKnownFileType = sourcecode.c.h; path = "UIView+SAMAdditions.h"; sourceTree = "<group>"; };
		216320DB1861DAF7009EC93B /* UIView+SAMAdditions.m */ = {isa = PBXFileReference; fileEncoding = 4; lastKnownFileType = sourcecode.c.objc; path = "UIView+SAMAdditions.m"; sourceTree = "<group>"; };
		216320DC1861DAF7009EC93B /* UIViewController+SAMAdditions.h */ = {isa = PBXFileReference; fileEncoding = 4; lastKnownFileType = sourcecode.c.h; path = "UIViewController+SAMAdditions.h"; sourceTree = "<group>"; };
		216320DD1861DAF7009EC93B /* UIViewController+SAMAdditions.m */ = {isa = PBXFileReference; fileEncoding = 4; lastKnownFileType = sourcecode.c.objc; path = "UIViewController+SAMAdditions.m"; sourceTree = "<group>"; };
		217B92E317D93E77008BEAE8 /* SAMCategories.app */ = {isa = PBXFileReference; explicitFileType = wrapper.application; includeInIndex = 0; path = SAMCategories.app; sourceTree = BUILT_PRODUCTS_DIR; };
		217B92E617D93E77008BEAE8 /* Foundation.framework */ = {isa = PBXFileReference; lastKnownFileType = wrapper.framework; name = Foundation.framework; path = System/Library/Frameworks/Foundation.framework; sourceTree = SDKROOT; };
		217B92E817D93E77008BEAE8 /* CoreGraphics.framework */ = {isa = PBXFileReference; lastKnownFileType = wrapper.framework; name = CoreGraphics.framework; path = System/Library/Frameworks/CoreGraphics.framework; sourceTree = SDKROOT; };
		217B92EA17D93E77008BEAE8 /* UIKit.framework */ = {isa = PBXFileReference; lastKnownFileType = wrapper.framework; name = UIKit.framework; path = System/Library/Frameworks/UIKit.framework; sourceTree = SDKROOT; };
		217B92FE17D93E77008BEAE8 /* SAMCategoriesTests.xctest */ = {isa = PBXFileReference; explicitFileType = wrapper.cfbundle; includeInIndex = 0; path = SAMCategoriesTests.xctest; sourceTree = BUILT_PRODUCTS_DIR; };
		217B92FF17D93E77008BEAE8 /* XCTest.framework */ = {isa = PBXFileReference; lastKnownFileType = wrapper.framework; name = XCTest.framework; path = Library/Frameworks/XCTest.framework; sourceTree = DEVELOPER_DIR; };
		217B932717D93EB3008BEAE8 /* SAMCategories.bundle */ = {isa = PBXFileReference; lastKnownFileType = "wrapper.plug-in"; path = SAMCategories.bundle; sourceTree = "<group>"; };
		217B932817D93EB3008BEAE8 /* SAMCategories.h */ = {isa = PBXFileReference; fileEncoding = 4; lastKnownFileType = sourcecode.c.h; path = SAMCategories.h; sourceTree = "<group>"; };
		217B935E17D93EB9008BEAE8 /* SAMAppDelegate.h */ = {isa = PBXFileReference; fileEncoding = 4; lastKnownFileType = sourcecode.c.h; path = SAMAppDelegate.h; sourceTree = "<group>"; };
		217B935F17D93EB9008BEAE8 /* SAMAppDelegate.m */ = {isa = PBXFileReference; fileEncoding = 4; lastKnownFileType = sourcecode.c.objc; path = SAMAppDelegate.m; sourceTree = "<group>"; };
		217B936117D93EB9008BEAE8 /* main.m */ = {isa = PBXFileReference; fileEncoding = 4; lastKnownFileType = sourcecode.c.objc; path = main.m; sourceTree = "<group>"; };
		217B936217D93EB9008BEAE8 /* SAMCategories-Prefix.pch */ = {isa = PBXFileReference; fileEncoding = 4; lastKnownFileType = sourcecode.c.h; path = "SAMCategories-Prefix.pch"; sourceTree = "<group>"; };
		217B936417D93EB9008BEAE8 /* Default-568h@2x.png */ = {isa = PBXFileReference; lastKnownFileType = image.png; path = "Default-568h@2x.png"; sourceTree = "<group>"; };
		217B936517D93EB9008BEAE8 /* SAMCategories-Info.plist */ = {isa = PBXFileReference; fileEncoding = 4; lastKnownFileType = text.plist.xml; path = "SAMCategories-Info.plist"; sourceTree = "<group>"; };
		217B936C17D93EBD008BEAE8 /* SAMArrayCategoryTest.m */ = {isa = PBXFileReference; fileEncoding = 4; lastKnownFileType = sourcecode.c.objc; path = SAMArrayCategoryTest.m; sourceTree = "<group>"; };
		217B937317D93EBD008BEAE8 /* SAMCategoriesTests-Info.plist */ = {isa = PBXFileReference; fileEncoding = 4; lastKnownFileType = text.plist.xml; path = "SAMCategoriesTests-Info.plist"; sourceTree = "<group>"; };
		217B937417D93EBD008BEAE8 /* SAMCategoriesTestsMac-Info.plist */ = {isa = PBXFileReference; fileEncoding = 4; lastKnownFileType = text.plist.xml; path = "SAMCategoriesTestsMac-Info.plist"; sourceTree = "<group>"; };
		217B938517D93FFF008BEAE8 /* SAMDataCategoryTest.m */ = {isa = PBXFileReference; fileEncoding = 4; lastKnownFileType = sourcecode.c.objc; path = SAMDataCategoryTest.m; sourceTree = "<group>"; };
		217B938617D93FFF008BEAE8 /* SAMDateCategoryTest.m */ = {isa = PBXFileReference; fileEncoding = 4; lastKnownFileType = sourcecode.c.objc; path = SAMDateCategoryTest.m; sourceTree = "<group>"; };
		217B938717D93FFF008BEAE8 /* SAMDictionaryCategoryTest.m */ = {isa = PBXFileReference; fileEncoding = 4; lastKnownFileType = sourcecode.c.objc; path = SAMDictionaryCategoryTest.m; sourceTree = "<group>"; };
		217B938817D93FFF008BEAE8 /* SAMObjectCategoryTest.m */ = {isa = PBXFileReference; fileEncoding = 4; lastKnownFileType = sourcecode.c.objc; path = SAMObjectCategoryTest.m; sourceTree = "<group>"; };
		217B938917D93FFF008BEAE8 /* SAMStringCategoryTest.m */ = {isa = PBXFileReference; fileEncoding = 4; lastKnownFileType = sourcecode.c.objc; path = SAMStringCategoryTest.m; sourceTree = "<group>"; };
		217B938A17D93FFF008BEAE8 /* SAMURLCategoryTest.m */ = {isa = PBXFileReference; fileEncoding = 4; lastKnownFileType = sourcecode.c.objc; path = SAMURLCategoryTest.m; sourceTree = "<group>"; };
		217B939217D94310008BEAE8 /* SAMColorCategoryTest.m */ = {isa = PBXFileReference; fileEncoding = 4; lastKnownFileType = sourcecode.c.objc; path = SAMColorCategoryTest.m; sourceTree = "<group>"; };
		217B939317D94310008BEAE8 /* SAMControlCategoryTest.m */ = {isa = PBXFileReference; fileEncoding = 4; lastKnownFileType = sourcecode.c.objc; path = SAMControlCategoryTest.m; sourceTree = "<group>"; };
		217B939417D94310008BEAE8 /* SAMViewCategoryTest.m */ = {isa = PBXFileReference; fileEncoding = 4; lastKnownFileType = sourcecode.c.objc; path = SAMViewCategoryTest.m; sourceTree = "<group>"; };
/* End PBXFileReference section */

/* Begin PBXFrameworksBuildPhase section */
		217B92E017D93E77008BEAE8 /* Frameworks */ = {
			isa = PBXFrameworksBuildPhase;
			buildActionMask = 2147483647;
			files = (
				217B92E917D93E77008BEAE8 /* CoreGraphics.framework in Frameworks */,
				217B92EB17D93E77008BEAE8 /* UIKit.framework in Frameworks */,
				217B92E717D93E77008BEAE8 /* Foundation.framework in Frameworks */,
			);
			runOnlyForDeploymentPostprocessing = 0;
		};
		217B92FB17D93E77008BEAE8 /* Frameworks */ = {
			isa = PBXFrameworksBuildPhase;
			buildActionMask = 2147483647;
			files = (
				217B930017D93E77008BEAE8 /* XCTest.framework in Frameworks */,
				217B930217D93E77008BEAE8 /* UIKit.framework in Frameworks */,
				217B930117D93E77008BEAE8 /* Foundation.framework in Frameworks */,
			);
			runOnlyForDeploymentPostprocessing = 0;
		};
/* End PBXFrameworksBuildPhase section */

/* Begin PBXGroup section */
		216320EE1861DAFC009EC93B /* Foundation */ = {
			isa = PBXGroup;
			children = (
				216320BE1861DAF7009EC93B /* NSArray+SAMAdditions.h */,
				216320BF1861DAF7009EC93B /* NSArray+SAMAdditions.m */,
				216320C01861DAF7009EC93B /* NSData+SAMAdditions.h */,
				216320C11861DAF7009EC93B /* NSData+SAMAdditions.m */,
				216320C21861DAF7009EC93B /* NSDate+SAMAdditions.h */,
				216320C31861DAF7009EC93B /* NSDate+SAMAdditions.m */,
				216320C41861DAF7009EC93B /* NSDictionary+SAMAdditions.h */,
				216320C51861DAF7009EC93B /* NSDictionary+SAMAdditions.m */,
				216320C61861DAF7009EC93B /* NSNumber+SAMAdditions.h */,
				216320C71861DAF7009EC93B /* NSNumber+SAMAdditions.m */,
				216320C81861DAF7009EC93B /* NSObject+SAMAdditions.h */,
				216320C91861DAF7009EC93B /* NSObject+SAMAdditions.m */,
				216320CA1861DAF7009EC93B /* NSString+SAMAdditions.h */,
				216320CB1861DAF7009EC93B /* NSString+SAMAdditions.m */,
				216320CC1861DAF7009EC93B /* NSURL+SAMAdditions.h */,
				216320CD1861DAF7009EC93B /* NSURL+SAMAdditions.m */,
				214AD88B1906D2CC00CF8443 /* NSUserDefaults+SAMAdditions.h */,
				214AD88C1906D2CC00CF8443 /* NSUserDefaults+SAMAdditions.m */,
			);
			name = Foundation;
			sourceTree = "<group>";
		};
		216320EF1861DB02009EC93B /* UIKit */ = {
			isa = PBXGroup;
			children = (
				216320CE1861DAF7009EC93B /* UIApplication+SAMAdditions.h */,
				216320CF1861DAF7009EC93B /* UIApplication+SAMAdditions.m */,
				216320D01861DAF7009EC93B /* UIColor+SAMAdditions.h */,
				216320D11861DAF7009EC93B /* UIColor+SAMAdditions.m */,
				216320D21861DAF7009EC93B /* UIControl+SAMAdditions.h */,
				216320D31861DAF7009EC93B /* UIControl+SAMAdditions.m */,
				216320D41861DAF7009EC93B /* UIDevice+SAMAdditions.h */,
				216320D51861DAF7009EC93B /* UIDevice+SAMAdditions.m */,
				216320D61861DAF7009EC93B /* UIScreen+SAMAdditions.h */,
				216320D71861DAF7009EC93B /* UIScreen+SAMAdditions.m */,
				216320D81861DAF7009EC93B /* UIScrollView+SAMAdditions.h */,
				216320D91861DAF7009EC93B /* UIScrollView+SAMAdditions.m */,
				216320DA1861DAF7009EC93B /* UIView+SAMAdditions.h */,
				216320DB1861DAF7009EC93B /* UIView+SAMAdditions.m */,
				216320DC1861DAF7009EC93B /* UIViewController+SAMAdditions.h */,
				216320DD1861DAF7009EC93B /* UIViewController+SAMAdditions.m */,
			);
			name = UIKit;
			sourceTree = "<group>";
		};
		217B92DA17D93E77008BEAE8 = {
			isa = PBXGroup;
			children = (
				217B931517D93EB3008BEAE8 /* SAMCategories */,
				217B935C17D93EB9008BEAE8 /* Example */,
				217B936A17D93EBD008BEAE8 /* Tests */,
				217B92E517D93E77008BEAE8 /* Frameworks */,
				217B92E417D93E77008BEAE8 /* Products */,
			);
			sourceTree = "<group>";
		};
		217B92E417D93E77008BEAE8 /* Products */ = {
			isa = PBXGroup;
			children = (
				217B92E317D93E77008BEAE8 /* SAMCategories.app */,
				217B92FE17D93E77008BEAE8 /* SAMCategoriesTests.xctest */,
			);
			name = Products;
			sourceTree = "<group>";
		};
		217B92E517D93E77008BEAE8 /* Frameworks */ = {
			isa = PBXGroup;
			children = (
				217B92E617D93E77008BEAE8 /* Foundation.framework */,
				217B92E817D93E77008BEAE8 /* CoreGraphics.framework */,
				217B92EA17D93E77008BEAE8 /* UIKit.framework */,
				217B92FF17D93E77008BEAE8 /* XCTest.framework */,
			);
			name = Frameworks;
			sourceTree = "<group>";
		};
		217B931517D93EB3008BEAE8 /* SAMCategories */ = {
			isa = PBXGroup;
			children = (
				217B932817D93EB3008BEAE8 /* SAMCategories.h */,
				217B932717D93EB3008BEAE8 /* SAMCategories.bundle */,
				216320EE1861DAFC009EC93B /* Foundation */,
				216320EF1861DB02009EC93B /* UIKit */,
			);
			path = SAMCategories;
			sourceTree = "<group>";
		};
		217B935C17D93EB9008BEAE8 /* Example */ = {
			isa = PBXGroup;
			children = (
				217B935D17D93EB9008BEAE8 /* Classes */,
				217B936017D93EB9008BEAE8 /* Other Sources */,
				217B936317D93EB9008BEAE8 /* Resources */,
			);
			path = Example;
			sourceTree = "<group>";
		};
		217B935D17D93EB9008BEAE8 /* Classes */ = {
			isa = PBXGroup;
			children = (
				217B935E17D93EB9008BEAE8 /* SAMAppDelegate.h */,
				217B935F17D93EB9008BEAE8 /* SAMAppDelegate.m */,
			);
			path = Classes;
			sourceTree = "<group>";
		};
		217B936017D93EB9008BEAE8 /* Other Sources */ = {
			isa = PBXGroup;
			children = (
				217B936117D93EB9008BEAE8 /* main.m */,
				217B936217D93EB9008BEAE8 /* SAMCategories-Prefix.pch */,
			);
			path = "Other Sources";
			sourceTree = "<group>";
		};
		217B936317D93EB9008BEAE8 /* Resources */ = {
			isa = PBXGroup;
			children = (
				217B936417D93EB9008BEAE8 /* Default-568h@2x.png */,
				217B936517D93EB9008BEAE8 /* SAMCategories-Info.plist */,
			);
			path = Resources;
			sourceTree = "<group>";
		};
		217B936A17D93EBD008BEAE8 /* Tests */ = {
			isa = PBXGroup;
			children = (
				217B936B17D93EBD008BEAE8 /* Foundation */,
				217B939117D94310008BEAE8 /* UIKit */,
				217B937317D93EBD008BEAE8 /* SAMCategoriesTests-Info.plist */,
				217B937417D93EBD008BEAE8 /* SAMCategoriesTestsMac-Info.plist */,
			);
			path = Tests;
			sourceTree = "<group>";
		};
		217B936B17D93EBD008BEAE8 /* Foundation */ = {
			isa = PBXGroup;
			children = (
				217B936C17D93EBD008BEAE8 /* SAMArrayCategoryTest.m */,
				217B938517D93FFF008BEAE8 /* SAMDataCategoryTest.m */,
				217B938617D93FFF008BEAE8 /* SAMDateCategoryTest.m */,
				217B938717D93FFF008BEAE8 /* SAMDictionaryCategoryTest.m */,
				217B938817D93FFF008BEAE8 /* SAMObjectCategoryTest.m */,
				217B938917D93FFF008BEAE8 /* SAMStringCategoryTest.m */,
				217B938A17D93FFF008BEAE8 /* SAMURLCategoryTest.m */,
			);
			path = Foundation;
			sourceTree = "<group>";
		};
		217B939117D94310008BEAE8 /* UIKit */ = {
			isa = PBXGroup;
			children = (
				217B939217D94310008BEAE8 /* SAMColorCategoryTest.m */,
				217B939317D94310008BEAE8 /* SAMControlCategoryTest.m */,
				217B939417D94310008BEAE8 /* SAMViewCategoryTest.m */,
			);
			path = UIKit;
			sourceTree = "<group>";
		};
/* End PBXGroup section */

/* Begin PBXNativeTarget section */
		217B92E217D93E77008BEAE8 /* SAMCategories */ = {
			isa = PBXNativeTarget;
			buildConfigurationList = 217B930F17D93E77008BEAE8 /* Build configuration list for PBXNativeTarget "SAMCategories" */;
			buildPhases = (
				217B92DF17D93E77008BEAE8 /* Sources */,
				217B92E017D93E77008BEAE8 /* Frameworks */,
				217B92E117D93E77008BEAE8 /* Resources */,
			);
			buildRules = (
			);
			dependencies = (
			);
			name = SAMCategories;
			productName = SAMCategories;
			productReference = 217B92E317D93E77008BEAE8 /* SAMCategories.app */;
			productType = "com.apple.product-type.application";
		};
		217B92FD17D93E77008BEAE8 /* SAMCategoriesTests */ = {
			isa = PBXNativeTarget;
			buildConfigurationList = 217B931217D93E77008BEAE8 /* Build configuration list for PBXNativeTarget "SAMCategoriesTests" */;
			buildPhases = (
				217B92FA17D93E77008BEAE8 /* Sources */,
				217B92FB17D93E77008BEAE8 /* Frameworks */,
				217B92FC17D93E77008BEAE8 /* Resources */,
			);
			buildRules = (
			);
			dependencies = (
				217B930417D93E77008BEAE8 /* PBXTargetDependency */,
			);
			name = SAMCategoriesTests;
			productName = SAMCategoriesTests;
			productReference = 217B92FE17D93E77008BEAE8 /* SAMCategoriesTests.xctest */;
			productType = "com.apple.product-type.bundle.unit-test";
		};
/* End PBXNativeTarget section */

/* Begin PBXProject section */
		217B92DB17D93E77008BEAE8 /* Project object */ = {
			isa = PBXProject;
			attributes = {
				CLASSPREFIX = SAM;
				LastUpgradeCheck = 0500;
				ORGANIZATIONNAME = "Sam Soffes";
				TargetAttributes = {
					217B92FD17D93E77008BEAE8 = {
						TestTargetID = 217B92E217D93E77008BEAE8;
					};
				};
			};
			buildConfigurationList = 217B92DE17D93E77008BEAE8 /* Build configuration list for PBXProject "SAMCategories" */;
			compatibilityVersion = "Xcode 3.2";
			developmentRegion = English;
			hasScannedForEncodings = 0;
			knownRegions = (
				en,
			);
			mainGroup = 217B92DA17D93E77008BEAE8;
			productRefGroup = 217B92E417D93E77008BEAE8 /* Products */;
			projectDirPath = "";
			projectRoot = "";
			targets = (
				217B92E217D93E77008BEAE8 /* SAMCategories */,
				217B92FD17D93E77008BEAE8 /* SAMCategoriesTests */,
			);
		};
/* End PBXProject section */

/* Begin PBXResourcesBuildPhase section */
		217B92E117D93E77008BEAE8 /* Resources */ = {
			isa = PBXResourcesBuildPhase;
			buildActionMask = 2147483647;
			files = (
				217B934A17D93EB3008BEAE8 /* SAMCategories.bundle in Resources */,
				217B936817D93EB9008BEAE8 /* Default-568h@2x.png in Resources */,
			);
			runOnlyForDeploymentPostprocessing = 0;
		};
		217B92FC17D93E77008BEAE8 /* Resources */ = {
			isa = PBXResourcesBuildPhase;
			buildActionMask = 2147483647;
			files = (
				217B934B17D93EB3008BEAE8 /* SAMCategories.bundle in Resources */,
			);
			runOnlyForDeploymentPostprocessing = 0;
		};
/* End PBXResourcesBuildPhase section */

/* Begin PBXSourcesBuildPhase section */
		217B92DF17D93E77008BEAE8 /* Sources */ = {
			isa = PBXSourcesBuildPhase;
			buildActionMask = 2147483647;
			files = (
				217B936617D93EB9008BEAE8 /* SAMAppDelegate.m in Sources */,
				216320E71861DAF7009EC93B /* UIColor+SAMAdditions.m in Sources */,
				216320E21861DAF7009EC93B /* NSNumber+SAMAdditions.m in Sources */,
				216320E51861DAF7009EC93B /* NSURL+SAMAdditions.m in Sources */,
				216320DE1861DAF7009EC93B /* NSArray+SAMAdditions.m in Sources */,
				216320EA1861DAF7009EC93B /* UIScreen+SAMAdditions.m in Sources */,
				216320E91861DAF7009EC93B /* UIDevice+SAMAdditions.m in Sources */,
				216320E11861DAF7009EC93B /* NSDictionary+SAMAdditions.m in Sources */,
				214AD88D1906D2CC00CF8443 /* NSUserDefaults+SAMAdditions.m in Sources */,
				216320E81861DAF7009EC93B /* UIControl+SAMAdditions.m in Sources */,
				216320EB1861DAF7009EC93B /* UIScrollView+SAMAdditions.m in Sources */,
				216320DF1861DAF7009EC93B /* NSData+SAMAdditions.m in Sources */,
				216320E31861DAF7009EC93B /* NSObject+SAMAdditions.m in Sources */,
				216320ED1861DAF7009EC93B /* UIViewController+SAMAdditions.m in Sources */,
				216320E41861DAF7009EC93B /* NSString+SAMAdditions.m in Sources */,
				217B936717D93EB9008BEAE8 /* main.m in Sources */,
				216320EC1861DAF7009EC93B /* UIView+SAMAdditions.m in Sources */,
				216320E01861DAF7009EC93B /* NSDate+SAMAdditions.m in Sources */,
				216320E61861DAF7009EC93B /* UIApplication+SAMAdditions.m in Sources */,
			);
			runOnlyForDeploymentPostprocessing = 0;
		};
		217B92FA17D93E77008BEAE8 /* Sources */ = {
			isa = PBXSourcesBuildPhase;
			buildActionMask = 2147483647;
			files = (
				217B939717D94310008BEAE8 /* SAMViewCategoryTest.m in Sources */,
				217B939617D94310008BEAE8 /* SAMControlCategoryTest.m in Sources */,
				217B937917D93EBD008BEAE8 /* SAMArrayCategoryTest.m in Sources */,
				217B939517D94310008BEAE8 /* SAMColorCategoryTest.m in Sources */,
				217B938B17D93FFF008BEAE8 /* SAMDataCategoryTest.m in Sources */,
				217B939017D93FFF008BEAE8 /* SAMURLCategoryTest.m in Sources */,
				217B938D17D93FFF008BEAE8 /* SAMDictionaryCategoryTest.m in Sources */,
				217B938E17D93FFF008BEAE8 /* SAMObjectCategoryTest.m in Sources */,
				217B938F17D93FFF008BEAE8 /* SAMStringCategoryTest.m in Sources */,
				217B938C17D93FFF008BEAE8 /* SAMDateCategoryTest.m in Sources */,
			);
			runOnlyForDeploymentPostprocessing = 0;
		};
/* End PBXSourcesBuildPhase section */

/* Begin PBXTargetDependency section */
		217B930417D93E77008BEAE8 /* PBXTargetDependency */ = {
			isa = PBXTargetDependency;
			target = 217B92E217D93E77008BEAE8 /* SAMCategories */;
			targetProxy = 217B930317D93E77008BEAE8 /* PBXContainerItemProxy */;
		};
/* End PBXTargetDependency section */

/* Begin XCBuildConfiguration section */
		217B930D17D93E77008BEAE8 /* Debug */ = {
			isa = XCBuildConfiguration;
			buildSettings = {
				ALWAYS_SEARCH_USER_PATHS = NO;
				CLANG_CXX_LANGUAGE_STANDARD = "gnu++0x";
				CLANG_CXX_LIBRARY = "libc++";
				CLANG_ENABLE_MODULES = YES;
				CLANG_ENABLE_OBJC_ARC = YES;
				CLANG_WARN_BOOL_CONVERSION = YES;
				CLANG_WARN_CONSTANT_CONVERSION = YES;
				CLANG_WARN_DIRECT_OBJC_ISA_USAGE = YES_ERROR;
				CLANG_WARN_EMPTY_BODY = YES;
				CLANG_WARN_ENUM_CONVERSION = YES;
				CLANG_WARN_INT_CONVERSION = YES;
				CLANG_WARN_OBJC_ROOT_CLASS = YES_ERROR;
				CLANG_WARN__DUPLICATE_METHOD_MATCH = YES;
				"CODE_SIGN_IDENTITY[sdk=iphoneos*]" = "iPhone Developer";
				COPY_PHASE_STRIP = NO;
				GCC_C_LANGUAGE_STANDARD = gnu99;
				GCC_DYNAMIC_NO_PIC = NO;
				GCC_OPTIMIZATION_LEVEL = 0;
				GCC_PREPROCESSOR_DEFINITIONS = (
					"DEBUG=1",
					"$(inherited)",
				);
				GCC_SYMBOLS_PRIVATE_EXTERN = NO;
				GCC_WARN_ABOUT_RETURN_TYPE = YES_ERROR;
				GCC_WARN_UNDECLARED_SELECTOR = YES;
				GCC_WARN_UNINITIALIZED_AUTOS = YES;
				GCC_WARN_UNUSED_FUNCTION = YES;
				GCC_WARN_UNUSED_VARIABLE = YES;
				IPHONEOS_DEPLOYMENT_TARGET = 7.0;
				ONLY_ACTIVE_ARCH = YES;
				SDKROOT = iphoneos;
				TARGETED_DEVICE_FAMILY = "1,2";
				WARNING_CFLAGS = (
					"-Weverything",
					"-Wno-auto-import",
				);
			};
			name = Debug;
		};
		217B930E17D93E77008BEAE8 /* Release */ = {
			isa = XCBuildConfiguration;
			buildSettings = {
				ALWAYS_SEARCH_USER_PATHS = NO;
				CLANG_CXX_LANGUAGE_STANDARD = "gnu++0x";
				CLANG_CXX_LIBRARY = "libc++";
				CLANG_ENABLE_MODULES = YES;
				CLANG_ENABLE_OBJC_ARC = YES;
				CLANG_WARN_BOOL_CONVERSION = YES;
				CLANG_WARN_CONSTANT_CONVERSION = YES;
				CLANG_WARN_DIRECT_OBJC_ISA_USAGE = YES_ERROR;
				CLANG_WARN_EMPTY_BODY = YES;
				CLANG_WARN_ENUM_CONVERSION = YES;
				CLANG_WARN_INT_CONVERSION = YES;
				CLANG_WARN_OBJC_ROOT_CLASS = YES_ERROR;
				CLANG_WARN__DUPLICATE_METHOD_MATCH = YES;
				"CODE_SIGN_IDENTITY[sdk=iphoneos*]" = "iPhone Developer";
				COPY_PHASE_STRIP = YES;
				ENABLE_NS_ASSERTIONS = NO;
				GCC_C_LANGUAGE_STANDARD = gnu99;
				GCC_WARN_ABOUT_RETURN_TYPE = YES_ERROR;
				GCC_WARN_UNDECLARED_SELECTOR = YES;
				GCC_WARN_UNINITIALIZED_AUTOS = YES;
				GCC_WARN_UNUSED_FUNCTION = YES;
				GCC_WARN_UNUSED_VARIABLE = YES;
				IPHONEOS_DEPLOYMENT_TARGET = 7.0;
				SDKROOT = iphoneos;
				TARGETED_DEVICE_FAMILY = "1,2";
				VALIDATE_PRODUCT = YES;
				WARNING_CFLAGS = (
					"-Weverything",
					"-Wno-auto-import",
				);
			};
			name = Release;
		};
		217B931017D93E77008BEAE8 /* Debug */ = {
			isa = XCBuildConfiguration;
			buildSettings = {
				ASSETCATALOG_COMPILER_APPICON_NAME = AppIcon;
				ASSETCATALOG_COMPILER_LAUNCHIMAGE_NAME = LaunchImage;
				GCC_PRECOMPILE_PREFIX_HEADER = YES;
				GCC_PREFIX_HEADER = "Example/Other Sources/SAMCategories-Prefix.pch";
				INFOPLIST_FILE = "Example/Resources/SAMCategories-Info.plist";
				PRODUCT_NAME = "$(TARGET_NAME)";
				WRAPPER_EXTENSION = app;
			};
			name = Debug;
		};
		217B931117D93E77008BEAE8 /* Release */ = {
			isa = XCBuildConfiguration;
			buildSettings = {
				ASSETCATALOG_COMPILER_APPICON_NAME = AppIcon;
				ASSETCATALOG_COMPILER_LAUNCHIMAGE_NAME = LaunchImage;
				GCC_PRECOMPILE_PREFIX_HEADER = YES;
				GCC_PREFIX_HEADER = "Example/Other Sources/SAMCategories-Prefix.pch";
				INFOPLIST_FILE = "Example/Resources/SAMCategories-Info.plist";
				PRODUCT_NAME = "$(TARGET_NAME)";
				WRAPPER_EXTENSION = app;
			};
			name = Release;
		};
		217B931317D93E77008BEAE8 /* Debug */ = {
			isa = XCBuildConfiguration;
			buildSettings = {
				BUNDLE_LOADER = "$(BUILT_PRODUCTS_DIR)/SAMCategories.app/SAMCategories";
				FRAMEWORK_SEARCH_PATHS = (
					"$(SDKROOT)/Developer/Library/Frameworks",
					"$(inherited)",
					"$(DEVELOPER_FRAMEWORKS_DIR)",
				);
				GCC_PREPROCESSOR_DEFINITIONS = (
					"DEBUG=1",
					"$(inherited)",
				);
				INFOPLIST_FILE = "Tests/SAMCategoriesTests-Info.plist";
				PRODUCT_NAME = "$(TARGET_NAME)";
				TEST_HOST = "$(BUNDLE_LOADER)";
				WARNING_CFLAGS = "-Wno-incompatible-pointer-types";
				WRAPPER_EXTENSION = xctest;
			};
			name = Debug;
		};
		217B931417D93E77008BEAE8 /* Release */ = {
			isa = XCBuildConfiguration;
			buildSettings = {
				BUNDLE_LOADER = "$(BUILT_PRODUCTS_DIR)/SAMCategories.app/SAMCategories";
				FRAMEWORK_SEARCH_PATHS = (
					"$(SDKROOT)/Developer/Library/Frameworks",
					"$(inherited)",
					"$(DEVELOPER_FRAMEWORKS_DIR)",
				);
				INFOPLIST_FILE = "Tests/SAMCategoriesTests-Info.plist";
				PRODUCT_NAME = "$(TARGET_NAME)";
				TEST_HOST = "$(BUNDLE_LOADER)";
				WARNING_CFLAGS = "-Wno-incompatible-pointer-types";
				WRAPPER_EXTENSION = xctest;
			};
			name = Release;
		};
/* End XCBuildConfiguration section */

/* Begin XCConfigurationList section */
		217B92DE17D93E77008BEAE8 /* Build configuration list for PBXProject "SAMCategories" */ = {
			isa = XCConfigurationList;
			buildConfigurations = (
				217B930D17D93E77008BEAE8 /* Debug */,
				217B930E17D93E77008BEAE8 /* Release */,
			);
			defaultConfigurationIsVisible = 0;
			defaultConfigurationName = Release;
		};
		217B930F17D93E77008BEAE8 /* Build configuration list for PBXNativeTarget "SAMCategories" */ = {
			isa = XCConfigurationList;
			buildConfigurations = (
				217B931017D93E77008BEAE8 /* Debug */,
				217B931117D93E77008BEAE8 /* Release */,
			);
			defaultConfigurationIsVisible = 0;
			defaultConfigurationName = Release;
		};
		217B931217D93E77008BEAE8 /* Build configuration list for PBXNativeTarget "SAMCategoriesTests" */ = {
			isa = XCConfigurationList;
			buildConfigurations = (
				217B931317D93E77008BEAE8 /* Debug */,
				217B931417D93E77008BEAE8 /* Release */,
			);
			defaultConfigurationIsVisible = 0;
			defaultConfigurationName = Release;
		};
/* End XCConfigurationList section */
	};
	rootObject = 217B92DB17D93E77008BEAE8 /* Project object */;
}
